
Microsoft Visual Studio Solution File, Format Version 12.00
# Visual Studio Version 17
VisualStudioVersion = 17.6.33829.357
MinimumVisualStudioVersion = 10.0.40219.1
Project("{FAE04EC0-301F-11D3-BF4B-00C04F79EFBC}") = "Cmpg323 Project 2", "Cmpg323 Project 2.csproj", "{D6E3E1C2-CCEB-4686-BAE0-97F47E1C7601}"
EndProject
Global
	GlobalSection(SolutionConfigurationPlatforms) = preSolution
		Debug|Any CPU = Debug|Any CPU
		Release|Any CPU = Release|Any CPU
	EndGlobalSection
	GlobalSection(ProjectConfigurationPlatforms) = postSolution
		{D6E3E1C2-CCEB-4686-BAE0-97F47E1C7601}.Debug|Any CPU.ActiveCfg = Debug|Any CPU
		{D6E3E1C2-CCEB-4686-BAE0-97F47E1C7601}.Debug|Any CPU.Build.0 = Debug|Any CPU
		{D6E3E1C2-CCEB-4686-BAE0-97F47E1C7601}.Release|Any CPU.ActiveCfg = Release|Any CPU
		{D6E3E1C2-CCEB-4686-BAE0-97F47E1C7601}.Release|Any CPU.Build.0 = Release|Any CPU
	EndGlobalSection
	GlobalSection(SolutionProperties) = preSolution
		HideSolutionNode = FALSE
	EndGlobalSection
	GlobalSection(ExtensibilityGlobals) = postSolution
		SolutionGuid = {FDB89691-F4C4-42A5-9D6F-24FCA18A39EA}
	EndGlobalSection
EndGlobal
